
Microsoft Visual Studio Solution File, Format Version 12.00
# Visual Studio Version 16
VisualStudioVersion = 16.0.31321.278
MinimumVisualStudioVersion = 10.0.40219.1
Project("{FAE04EC0-301F-11D3-BF4B-00C04F79EFBC}") = "learning-grpc-with-examples", "learning-grpc-with-examples\learning-grpc-with-examples.csproj", "{A8C07690-4CAB-4506-B47F-E92EF7969FBE}"
EndProject
Global
	GlobalSection(SolutionConfigurationPlatforms) = preSolution
		Debug|Any CPU = Debug|Any CPU
		Release|Any CPU = Release|Any CPU
	EndGlobalSection
	GlobalSection(ProjectConfigurationPlatforms) = postSolution
		{A8C07690-4CAB-4506-B47F-E92EF7969FBE}.Debug|Any CPU.ActiveCfg = Debug|Any CPU
		{A8C07690-4CAB-4506-B47F-E92EF7969FBE}.Debug|Any CPU.Build.0 = Debug|Any CPU
		{A8C07690-4CAB-4506-B47F-E92EF7969FBE}.Release|Any CPU.ActiveCfg = Release|Any CPU
		{A8C07690-4CAB-4506-B47F-E92EF7969FBE}.Release|Any CPU.Build.0 = Release|Any CPU
	EndGlobalSection
	GlobalSection(SolutionProperties) = preSolution
		HideSolutionNode = FALSE
	EndGlobalSection
	GlobalSection(ExtensibilityGlobals) = postSolution
		SolutionGuid = {20AF0E53-66B3-48CD-A770-29BE07E94F2D}
	EndGlobalSection
EndGlobal
